
Microsoft Visual Studio Solution File, Format Version 12.00
# Visual Studio 15
VisualStudioVersion = 15.0.26228.4
MinimumVisualStudioVersion = 10.0.40219.1
Project("{F5034706-568F-408A-B7B3-4D38C6DB8A32}") = "ActiveDirectoryStig", "ActiveDirectoryStig\ActiveDirectoryStig.pssproj", "{BD44C27B-98AB-4330-B5B5-341B4B16C93C}"
EndProject
Project("{2150E333-8FDC-42A3-9474-1A3956D46DE8}") = "Solution Items", "Solution Items", "{BC9D2538-CBAE-4B8D-BEDB-04DE1BA29D49}"
	ProjectSection(SolutionItems) = preProject
		LICENSE = LICENSE
		README.md = README.md
	EndProjectSection
EndProject
Global
	GlobalSection(SolutionConfigurationPlatforms) = preSolution
		Debug|Any CPU = Debug|Any CPU
		Release|Any CPU = Release|Any CPU
	EndGlobalSection
	GlobalSection(ProjectConfigurationPlatforms) = postSolution
		{BD44C27B-98AB-4330-B5B5-341B4B16C93C}.Debug|Any CPU.ActiveCfg = Debug|Any CPU
		{BD44C27B-98AB-4330-B5B5-341B4B16C93C}.Debug|Any CPU.Build.0 = Debug|Any CPU
		{BD44C27B-98AB-4330-B5B5-341B4B16C93C}.Release|Any CPU.ActiveCfg = Release|Any CPU
		{BD44C27B-98AB-4330-B5B5-341B4B16C93C}.Release|Any CPU.Build.0 = Release|Any CPU
	EndGlobalSection
	GlobalSection(SolutionProperties) = preSolution
		HideSolutionNode = FALSE
	EndGlobalSection
EndGlobal
